
Microsoft Visual Studio Solution File, Format Version 12.00
# Visual Studio Version 17
VisualStudioVersion = 17.7.34031.279
MinimumVisualStudioVersion = 10.0.40219.1
Project("{FAE04EC0-301F-11D3-BF4B-00C04F79EFBC}") = "w03p03", "w03p03\w03p03.csproj", "{17863866-10C9-4936-84A3-91B836933363}"
EndProject
Global
	GlobalSection(SolutionConfigurationPlatforms) = preSolution
		Debug|Any CPU = Debug|Any CPU
		Release|Any CPU = Release|Any CPU
	EndGlobalSection
	GlobalSection(ProjectConfigurationPlatforms) = postSolution
		{17863866-10C9-4936-84A3-91B836933363}.Debug|Any CPU.ActiveCfg = Debug|Any CPU
		{17863866-10C9-4936-84A3-91B836933363}.Debug|Any CPU.Build.0 = Debug|Any CPU
		{17863866-10C9-4936-84A3-91B836933363}.Release|Any CPU.ActiveCfg = Release|Any CPU
		{17863866-10C9-4936-84A3-91B836933363}.Release|Any CPU.Build.0 = Release|Any CPU
	EndGlobalSection
	GlobalSection(SolutionProperties) = preSolution
		HideSolutionNode = FALSE
	EndGlobalSection
	GlobalSection(ExtensibilityGlobals) = postSolution
		SolutionGuid = {2F4A694C-4F03-42A1-9D45-F30B9EA9106A}
	EndGlobalSection
EndGlobal
